
Microsoft Visual Studio Solution File, Format Version 12.00
# Visual Studio Version 17
VisualStudioVersion = 17.7.34024.191
MinimumVisualStudioVersion = 10.0.40219.1
Project("{FAE04EC0-301F-11D3-BF4B-00C04F79EFBC}") = "MatheQuiz", "MatheQuiz.csproj", "{1C10B21A-7588-4ABF-9115-8D1FA9171791}"
EndProject
Global
	GlobalSection(SolutionConfigurationPlatforms) = preSolution
		Debug|Any CPU = Debug|Any CPU
		Release|Any CPU = Release|Any CPU
	EndGlobalSection
	GlobalSection(ProjectConfigurationPlatforms) = postSolution
		{1C10B21A-7588-4ABF-9115-8D1FA9171791}.Debug|Any CPU.ActiveCfg = Debug|Any CPU
		{1C10B21A-7588-4ABF-9115-8D1FA9171791}.Debug|Any CPU.Build.0 = Debug|Any CPU
		{1C10B21A-7588-4ABF-9115-8D1FA9171791}.Release|Any CPU.ActiveCfg = Release|Any CPU
		{1C10B21A-7588-4ABF-9115-8D1FA9171791}.Release|Any CPU.Build.0 = Release|Any CPU
	EndGlobalSection
	GlobalSection(SolutionProperties) = preSolution
		HideSolutionNode = FALSE
	EndGlobalSection
	GlobalSection(ExtensibilityGlobals) = postSolution
		SolutionGuid = {6B39F907-5CF0-4340-8A6C-BDAD55A6451A}
	EndGlobalSection
EndGlobal
